
Microsoft Visual Studio Solution File, Format Version 12.00
# Visual Studio 15
VisualStudioVersion = 15.0.27703.2042
MinimumVisualStudioVersion = 10.0.40219.1
Project("{8BC9CEB8-8B4A-11D0-8D11-00A0C91BC942}") = "filterdoubleFcb.W7", "filterdoubleFcb\filterdoubleFcb.W7.vcxproj", "{6F201E4A-5832-4D2C-8F0B-3BB55986E368}"
EndProject
Project("{8BC9CEB8-8B4A-11D0-8D11-00A0C91BC942}") = "ConsoleApplication1", "ConsoleApplication1\ConsoleApplication1.vcxproj", "{351F5AAC-63DA-47C4-A18C-D890E1500770}"
EndProject
Project("{8BC9CEB8-8B4A-11D0-8D11-00A0C91BC942}") = "MydoubleFcb", "MydoubleFcb\MydoubleFcb\MydoubleFcb.vcxproj", "{8EED3A0B-10BB-4660-BCEB-C5FAC0DCB475}"
EndProject
Global
	GlobalSection(SolutionConfigurationPlatforms) = preSolution
		Debug|Win32 = Debug|Win32
		Debug|x64 = Debug|x64
		Release|Win32 = Release|Win32
		Release|x64 = Release|x64
		W7 checked (PREfast)|Win32 = W7 checked (PREfast)|Win32
		W7 checked (PREfast)|x64 = W7 checked (PREfast)|x64
		W7 checked|Win32 = W7 checked|Win32
		W7 checked|x64 = W7 checked|x64
		W7 free|Win32 = W7 free|Win32
		W7 free|x64 = W7 free|x64
		W7LH checked (PREfast)|Win32 = W7LH checked (PREfast)|Win32
		W7LH checked (PREfast)|x64 = W7LH checked (PREfast)|x64
		W7LH checked|Win32 = W7LH checked|Win32
		W7LH checked|x64 = W7LH checked|x64
		W7LH free|Win32 = W7LH free|Win32
		W7LH free|x64 = W7LH free|x64
		W7NET checked (PREfast)|Win32 = W7NET checked (PREfast)|Win32
		W7NET checked (PREfast)|x64 = W7NET checked (PREfast)|x64
		W7NET checked|Win32 = W7NET checked|Win32
		W7NET checked|x64 = W7NET checked|x64
		W7NET free|Win32 = W7NET free|Win32
		W7NET free|x64 = W7NET free|x64
		W7XP checked (PREfast)|Win32 = W7XP checked (PREfast)|Win32
		W7XP checked (PREfast)|x64 = W7XP checked (PREfast)|x64
		W7XP checked|Win32 = W7XP checked|Win32
		W7XP checked|x64 = W7XP checked|x64
		W7XP free|Win32 = W7XP free|Win32
		W7XP free|x64 = W7XP free|x64
	EndGlobalSection
	GlobalSection(ProjectConfigurationPlatforms) = postSolution
		{6F201E4A-5832-4D2C-8F0B-3BB55986E368}.Debug|Win32.ActiveCfg = W7XP free|Win32
		{6F201E4A-5832-4D2C-8F0B-3BB55986E368}.Debug|Win32.Build.0 = W7XP free|Win32
		{6F201E4A-5832-4D2C-8F0B-3BB55986E368}.Debug|x64.ActiveCfg = W7XP free|Win32
		{6F201E4A-5832-4D2C-8F0B-3BB55986E368}.Debug|x64.Build.0 = W7XP free|Win32
		{6F201E4A-5832-4D2C-8F0B-3BB55986E368}.Release|Win32.ActiveCfg = W7XP free|Win32
		{6F201E4A-5832-4D2C-8F0B-3BB55986E368}.Release|Win32.Build.0 = W7XP free|Win32
		{6F201E4A-5832-4D2C-8F0B-3BB55986E368}.Release|x64.ActiveCfg = W7XP free|Win32
		{6F201E4A-5832-4D2C-8F0B-3BB55986E368}.Release|x64.Build.0 = W7XP free|Win32
		{6F201E4A-5832-4D2C-8F0B-3BB55986E368}.W7 checked (PREfast)|Win32.ActiveCfg = W7 checked (PREfast)|Win32
		{6F201E4A-5832-4D2C-8F0B-3BB55986E368}.W7 checked (PREfast)|Win32.Build.0 = W7 checked (PREfast)|Win32
		{6F201E4A-5832-4D2C-8F0B-3BB55986E368}.W7 checked (PREfast)|Win32.Deploy.0 = W7 checked (PREfast)|Win32
		{6F201E4A-5832-4D2C-8F0B-3BB55986E368}.W7 checked (PREfast)|x64.ActiveCfg = W7 checked (PREfast)|Win32
		{6F201E4A-5832-4D2C-8F0B-3BB55986E368}.W7 checked|Win32.ActiveCfg = W7 checked|Win32
		{6F201E4A-5832-4D2C-8F0B-3BB55986E368}.W7 checked|Win32.Build.0 = W7 checked|Win32
		{6F201E4A-5832-4D2C-8F0B-3BB55986E368}.W7 checked|Win32.Deploy.0 = W7 checked|Win32
		{6F201E4A-5832-4D2C-8F0B-3BB55986E368}.W7 checked|x64.ActiveCfg = W7 checked|Win32
		{6F201E4A-5832-4D2C-8F0B-3BB55986E368}.W7 free|Win32.ActiveCfg = W7 free|Win32
		{6F201E4A-5832-4D2C-8F0B-3BB55986E368}.W7 free|Win32.Build.0 = W7 free|Win32
		{6F201E4A-5832-4D2C-8F0B-3BB55986E368}.W7 free|Win32.Deploy.0 = W7 free|Win32
		{6F201E4A-5832-4D2C-8F0B-3BB55986E368}.W7 free|x64.ActiveCfg = W7 free|Win32
		{6F201E4A-5832-4D2C-8F0B-3BB55986E368}.W7LH checked (PREfast)|Win32.ActiveCfg = W7LH checked (PREfast)|Win32
		{6F201E4A-5832-4D2C-8F0B-3BB55986E368}.W7LH checked (PREfast)|Win32.Build.0 = W7LH checked (PREfast)|Win32
		{6F201E4A-5832-4D2C-8F0B-3BB55986E368}.W7LH checked (PREfast)|Win32.Deploy.0 = W7LH checked (PREfast)|Win32
		{6F201E4A-5832-4D2C-8F0B-3BB55986E368}.W7LH checked (PREfast)|x64.ActiveCfg = W7LH checked (PREfast)|Win32
		{6F201E4A-5832-4D2C-8F0B-3BB55986E368}.W7LH checked|Win32.ActiveCfg = W7LH checked|Win32
		{6F201E4A-5832-4D2C-8F0B-3BB55986E368}.W7LH checked|Win32.Build.0 = W7LH checked|Win32
		{6F201E4A-5832-4D2C-8F0B-3BB55986E368}.W7LH checked|Win32.Deploy.0 = W7LH checked|Win32
		{6F201E4A-5832-4D2C-8F0B-3BB55986E368}.W7LH checked|x64.ActiveCfg = W7LH checked|Win32
		{6F201E4A-5832-4D2C-8F0B-3BB55986E368}.W7LH free|Win32.ActiveCfg = W7LH free|Win32
		{6F201E4A-5832-4D2C-8F0B-3BB55986E368}.W7LH free|Win32.Build.0 = W7LH free|Win32
		{6F201E4A-5832-4D2C-8F0B-3BB55986E368}.W7LH free|Win32.Deploy.0 = W7LH free|Win32
		{6F201E4A-5832-4D2C-8F0B-3BB55986E368}.W7LH free|x64.ActiveCfg = W7LH free|Win32
		{6F201E4A-5832-4D2C-8F0B-3BB55986E368}.W7NET checked (PREfast)|Win32.ActiveCfg = W7NET checked (PREfast)|Win32
		{6F201E4A-5832-4D2C-8F0B-3BB55986E368}.W7NET checked (PREfast)|Win32.Build.0 = W7NET checked (PREfast)|Win32
		{6F201E4A-5832-4D2C-8F0B-3BB55986E368}.W7NET checked (PREfast)|Win32.Deploy.0 = W7NET checked (PREfast)|Win32
		{6F201E4A-5832-4D2C-8F0B-3BB55986E368}.W7NET checked (PREfast)|x64.ActiveCfg = W7NET checked (PREfast)|Win32
		{6F201E4A-5832-4D2C-8F0B-3BB55986E368}.W7NET checked|Win32.ActiveCfg = W7NET checked|Win32
		{6F201E4A-5832-4D2C-8F0B-3BB55986E368}.W7NET checked|Win32.Build.0 = W7NET checked|Win32
		{6F201E4A-5832-4D2C-8F0B-3BB55986E368}.W7NET checked|Win32.Deploy.0 = W7NET checked|Win32
		{6F201E4A-5832-4D2C-8F0B-3BB55986E368}.W7NET checked|x64.ActiveCfg = W7NET checked|Win32
		{6F201E4A-5832-4D2C-8F0B-3BB55986E368}.W7NET free|Win32.ActiveCfg = W7NET free|Win32
		{6F201E4A-5832-4D2C-8F0B-3BB55986E368}.W7NET free|Win32.Build.0 = W7NET free|Win32
		{6F201E4A-5832-4D2C-8F0B-3BB55986E368}.W7NET free|Win32.Deploy.0 = W7NET free|Win32
		{6F201E4A-5832-4D2C-8F0B-3BB55986E368}.W7NET free|x64.ActiveCfg = W7NET free|Win32
		{6F201E4A-5832-4D2C-8F0B-3BB55986E368}.W7XP checked (PREfast)|Win32.ActiveCfg = W7XP checked (PREfast)|Win32
		{6F201E4A-5832-4D2C-8F0B-3BB55986E368}.W7XP checked (PREfast)|Win32.Build.0 = W7XP checked (PREfast)|Win32
		{6F201E4A-5832-4D2C-8F0B-3BB55986E368}.W7XP checked (PREfast)|Win32.Deploy.0 = W7XP checked (PREfast)|Win32
		{6F201E4A-5832-4D2C-8F0B-3BB55986E368}.W7XP checked (PREfast)|x64.ActiveCfg = W7XP checked (PREfast)|Win32
		{6F201E4A-5832-4D2C-8F0B-3BB55986E368}.W7XP checked|Win32.ActiveCfg = W7XP checked|Win32
		{6F201E4A-5832-4D2C-8F0B-3BB55986E368}.W7XP checked|Win32.Build.0 = W7XP checked|Win32
		{6F201E4A-5832-4D2C-8F0B-3BB55986E368}.W7XP checked|Win32.Deploy.0 = W7XP checked|Win32
		{6F201E4A-5832-4D2C-8F0B-3BB55986E368}.W7XP checked|x64.ActiveCfg = W7XP checked|Win32
		{6F201E4A-5832-4D2C-8F0B-3BB55986E368}.W7XP free|Win32.ActiveCfg = W7XP free|Win32
		{6F201E4A-5832-4D2C-8F0B-3BB55986E368}.W7XP free|Win32.Build.0 = W7XP free|Win32
		{6F201E4A-5832-4D2C-8F0B-3BB55986E368}.W7XP free|Win32.Deploy.0 = W7XP free|Win32
		{6F201E4A-5832-4D2C-8F0B-3BB55986E368}.W7XP free|x64.ActiveCfg = W7XP free|Win32
		{351F5AAC-63DA-47C4-A18C-D890E1500770}.Debug|Win32.ActiveCfg = Debug|Win32
		{351F5AAC-63DA-47C4-A18C-D890E1500770}.Debug|Win32.Build.0 = Debug|Win32
		{351F5AAC-63DA-47C4-A18C-D890E1500770}.Debug|x64.ActiveCfg = Debug|x64
		{351F5AAC-63DA-47C4-A18C-D890E1500770}.Debug|x64.Build.0 = Debug|x64
		{351F5AAC-63DA-47C4-A18C-D890E1500770}.Release|Win32.ActiveCfg = Release|Win32
		{351F5AAC-63DA-47C4-A18C-D890E1500770}.Release|Win32.Build.0 = Release|Win32
		{351F5AAC-63DA-47C4-A18C-D890E1500770}.Release|x64.ActiveCfg = Release|x64
		{351F5AAC-63DA-47C4-A18C-D890E1500770}.Release|x64.Build.0 = Release|x64
		{351F5AAC-63DA-47C4-A18C-D890E1500770}.W7 checked (PREfast)|Win32.ActiveCfg = Release|Win32
		{351F5AAC-63DA-47C4-A18C-D890E1500770}.W7 checked (PREfast)|Win32.Build.0 = Release|Win32
		{351F5AAC-63DA-47C4-A18C-D890E1500770}.W7 checked (PREfast)|x64.ActiveCfg = Release|x64
		{351F5AAC-63DA-47C4-A18C-D890E1500770}.W7 checked (PREfast)|x64.Build.0 = Release|x64
		{351F5AAC-63DA-47C4-A18C-D890E1500770}.W7 checked|Win32.ActiveCfg = Release|Win32
		{351F5AAC-63DA-47C4-A18C-D890E1500770}.W7 checked|Win32.Build.0 = Release|Win32
		{351F5AAC-63DA-47C4-A18C-D890E1500770}.W7 checked|x64.ActiveCfg = Release|x64
		{351F5AAC-63DA-47C4-A18C-D890E1500770}.W7 checked|x64.Build.0 = Release|x64
		{351F5AAC-63DA-47C4-A18C-D890E1500770}.W7 free|Win32.ActiveCfg = Release|Win32
		{351F5AAC-63DA-47C4-A18C-D890E1500770}.W7 free|Win32.Build.0 = Release|Win32
		{351F5AAC-63DA-47C4-A18C-D890E1500770}.W7 free|x64.ActiveCfg = Release|x64
		{351F5AAC-63DA-47C4-A18C-D890E1500770}.W7 free|x64.Build.0 = Release|x64
		{351F5AAC-63DA-47C4-A18C-D890E1500770}.W7LH checked (PREfast)|Win32.ActiveCfg = Release|Win32
		{351F5AAC-63DA-47C4-A18C-D890E1500770}.W7LH checked (PREfast)|Win32.Build.0 = Release|Win32
		{351F5AAC-63DA-47C4-A18C-D890E1500770}.W7LH checked (PREfast)|x64.ActiveCfg = Release|x64
		{351F5AAC-63DA-47C4-A18C-D890E1500770}.W7LH checked (PREfast)|x64.Build.0 = Release|x64
		{351F5AAC-63DA-47C4-A18C-D890E1500770}.W7LH checked|Win32.ActiveCfg = Release|Win32
		{351F5AAC-63DA-47C4-A18C-D890E1500770}.W7LH checked|Win32.Build.0 = Release|Win32
		{351F5AAC-63DA-47C4-A18C-D890E1500770}.W7LH checked|x64.ActiveCfg = Release|x64
		{351F5AAC-63DA-47C4-A18C-D890E1500770}.W7LH checked|x64.Build.0 = Release|x64
		{351F5AAC-63DA-47C4-A18C-D890E1500770}.W7LH free|Win32.ActiveCfg = Release|Win32
		{351F5AAC-63DA-47C4-A18C-D890E1500770}.W7LH free|Win32.Build.0 = Release|Win32
		{351F5AAC-63DA-47C4-A18C-D890E1500770}.W7LH free|x64.ActiveCfg = Release|x64
		{351F5AAC-63DA-47C4-A18C-D890E1500770}.W7LH free|x64.Build.0 = Release|x64
		{351F5AAC-63DA-47C4-A18C-D890E1500770}.W7NET checked (PREfast)|Win32.ActiveCfg = Release|Win32
		{351F5AAC-63DA-47C4-A18C-D890E1500770}.W7NET checked (PREfast)|Win32.Build.0 = Release|Win32
		{351F5AAC-63DA-47C4-A18C-D890E1500770}.W7NET checked (PREfast)|x64.ActiveCfg = Release|x64
		{351F5AAC-63DA-47C4-A18C-D890E1500770}.W7NET checked (PREfast)|x64.Build.0 = Release|x64
		{351F5AAC-63DA-47C4-A18C-D890E1500770}.W7NET checked|Win32.ActiveCfg = Release|Win32
		{351F5AAC-63DA-47C4-A18C-D890E1500770}.W7NET checked|Win32.Build.0 = Release|Win32
		{351F5AAC-63DA-47C4-A18C-D890E1500770}.W7NET checked|x64.ActiveCfg = Release|x64
		{351F5AAC-63DA-47C4-A18C-D890E1500770}.W7NET checked|x64.Build.0 = Release|x64
		{351F5AAC-63DA-47C4-A18C-D890E1500770}.W7NET free|Win32.ActiveCfg = Release|Win32
		{351F5AAC-63DA-47C4-A18C-D890E1500770}.W7NET free|Win32.Build.0 = Release|Win32
		{351F5AAC-63DA-47C4-A18C-D890E1500770}.W7NET free|x64.ActiveCfg = Release|x64
		{351F5AAC-63DA-47C4-A18C-D890E1500770}.W7NET free|x64.Build.0 = Release|x64
		{351F5AAC-63DA-47C4-A18C-D890E1500770}.W7XP checked (PREfast)|Win32.ActiveCfg = Release|Win32
		{351F5AAC-63DA-47C4-A18C-D890E1500770}.W7XP checked (PREfast)|Win32.Build.0 = Release|Win32
		{351F5AAC-63DA-47C4-A18C-D890E1500770}.W7XP checked (PREfast)|x64.ActiveCfg = Release|x64
		{351F5AAC-63DA-47C4-A18C-D890E1500770}.W7XP checked (PREfast)|x64.Build.0 = Release|x64
		{351F5AAC-63DA-47C4-A18C-D890E1500770}.W7XP checked|Win32.ActiveCfg = Release|Win32
		{351F5AAC-63DA-47C4-A18C-D890E1500770}.W7XP checked|Win32.Build.0 = Release|Win32
		{351F5AAC-63DA-47C4-A18C-D890E1500770}.W7XP checked|x64.ActiveCfg = Release|x64
		{351F5AAC-63DA-47C4-A18C-D890E1500770}.W7XP checked|x64.Build.0 = Release|x64
		{351F5AAC-63DA-47C4-A18C-D890E1500770}.W7XP free|Win32.ActiveCfg = Release|Win32
		{351F5AAC-63DA-47C4-A18C-D890E1500770}.W7XP free|Win32.Build.0 = Release|Win32
		{351F5AAC-63DA-47C4-A18C-D890E1500770}.W7XP free|x64.ActiveCfg = Release|x64
		{351F5AAC-63DA-47C4-A18C-D890E1500770}.W7XP free|x64.Build.0 = Release|x64
		{8EED3A0B-10BB-4660-BCEB-C5FAC0DCB475}.Debug|Win32.ActiveCfg = Debug|Win32
		{8EED3A0B-10BB-4660-BCEB-C5FAC0DCB475}.Debug|Win32.Build.0 = Debug|Win32
		{8EED3A0B-10BB-4660-BCEB-C5FAC0DCB475}.Debug|x64.ActiveCfg = Debug|Win32
		{8EED3A0B-10BB-4660-BCEB-C5FAC0DCB475}.Release|Win32.ActiveCfg = Release|Win32
		{8EED3A0B-10BB-4660-BCEB-C5FAC0DCB475}.Release|Win32.Build.0 = Release|Win32
		{8EED3A0B-10BB-4660-BCEB-C5FAC0DCB475}.Release|x64.ActiveCfg = Release|Win32
		{8EED3A0B-10BB-4660-BCEB-C5FAC0DCB475}.W7 checked (PREfast)|Win32.ActiveCfg = Release|Win32
		{8EED3A0B-10BB-4660-BCEB-C5FAC0DCB475}.W7 checked (PREfast)|Win32.Build.0 = Release|Win32
		{8EED3A0B-10BB-4660-BCEB-C5FAC0DCB475}.W7 checked (PREfast)|x64.ActiveCfg = Release|Win32
		{8EED3A0B-10BB-4660-BCEB-C5FAC0DCB475}.W7 checked (PREfast)|x64.Build.0 = Release|Win32
		{8EED3A0B-10BB-4660-BCEB-C5FAC0DCB475}.W7 checked|Win32.ActiveCfg = Release|Win32
		{8EED3A0B-10BB-4660-BCEB-C5FAC0DCB475}.W7 checked|Win32.Build.0 = Release|Win32
		{8EED3A0B-10BB-4660-BCEB-C5FAC0DCB475}.W7 checked|x64.ActiveCfg = Release|Win32
		{8EED3A0B-10BB-4660-BCEB-C5FAC0DCB475}.W7 checked|x64.Build.0 = Release|Win32
		{8EED3A0B-10BB-4660-BCEB-C5FAC0DCB475}.W7 free|Win32.ActiveCfg = Release|Win32
		{8EED3A0B-10BB-4660-BCEB-C5FAC0DCB475}.W7 free|Win32.Build.0 = Release|Win32
		{8EED3A0B-10BB-4660-BCEB-C5FAC0DCB475}.W7 free|x64.ActiveCfg = Release|Win32
		{8EED3A0B-10BB-4660-BCEB-C5FAC0DCB475}.W7 free|x64.Build.0 = Release|Win32
		{8EED3A0B-10BB-4660-BCEB-C5FAC0DCB475}.W7LH checked (PREfast)|Win32.ActiveCfg = Release|Win32
		{8EED3A0B-10BB-4660-BCEB-C5FAC0DCB475}.W7LH checked (PREfast)|Win32.Build.0 = Release|Win32
		{8EED3A0B-10BB-4660-BCEB-C5FAC0DCB475}.W7LH checked (PREfast)|x64.ActiveCfg = Release|Win32
		{8EED3A0B-10BB-4660-BCEB-C5FAC0DCB475}.W7LH checked (PREfast)|x64.Build.0 = Release|Win32
		{8EED3A0B-10BB-4660-BCEB-C5FAC0DCB475}.W7LH checked|Win32.ActiveCfg = Release|Win32
		{8EED3A0B-10BB-4660-BCEB-C5FAC0DCB475}.W7LH checked|Win32.Build.0 = Release|Win32
		{8EED3A0B-10BB-4660-BCEB-C5FAC0DCB475}.W7LH checked|x64.ActiveCfg = Release|Win32
		{8EED3A0B-10BB-4660-BCEB-C5FAC0DCB475}.W7LH checked|x64.Build.0 = Release|Win32
		{8EED3A0B-10BB-4660-BCEB-C5FAC0DCB475}.W7LH free|Win32.ActiveCfg = Release|Win32
		{8EED3A0B-10BB-4660-BCEB-C5FAC0DCB475}.W7LH free|Win32.Build.0 = Release|Win32
		{8EED3A0B-10BB-4660-BCEB-C5FAC0DCB475}.W7LH free|x64.ActiveCfg = Release|Win32
		{8EED3A0B-10BB-4660-BCEB-C5FAC0DCB475}.W7LH free|x64.Build.0 = Release|Win32
		{8EED3A0B-10BB-4660-BCEB-C5FAC0DCB475}.W7NET checked (PREfast)|Win32.ActiveCfg = Release|Win32
		{8EED3A0B-10BB-4660-BCEB-C5FAC0DCB475}.W7NET checked (PREfast)|Win32.Build.0 = Release|Win32
		{8EED3A0B-10BB-4660-BCEB-C5FAC0DCB475}.W7NET checked (PREfast)|x64.ActiveCfg = Release|Win32
		{8EED3A0B-10BB-4660-BCEB-C5FAC0DCB475}.W7NET checked (PREfast)|x64.Build.0 = Release|Win32
		{8EED3A0B-10BB-4660-BCEB-C5FAC0DCB475}.W7NET checked|Win32.ActiveCfg = Release|Win32
		{8EED3A0B-10BB-4660-BCEB-C5FAC0DCB475}.W7NET checked|Win32.Build.0 = Release|Win32
		{8EED3A0B-10BB-4660-BCEB-C5FAC0DCB475}.W7NET checked|x64.ActiveCfg = Release|Win32
		{8EED3A0B-10BB-4660-BCEB-C5FAC0DCB475}.W7NET checked|x64.Build.0 = Release|Win32
		{8EED3A0B-10BB-4660-BCEB-C5FAC0DCB475}.W7NET free|Win32.ActiveCfg = Release|Win32
		{8EED3A0B-10BB-4660-BCEB-C5FAC0DCB475}.W7NET free|Win32.Build.0 = Release|Win32
		{8EED3A0B-10BB-4660-BCEB-C5FAC0DCB475}.W7NET free|x64.ActiveCfg = Release|Win32
		{8EED3A0B-10BB-4660-BCEB-C5FAC0DCB475}.W7NET free|x64.Build.0 = Release|Win32
		{8EED3A0B-10BB-4660-BCEB-C5FAC0DCB475}.W7XP checked (PREfast)|Win32.ActiveCfg = Release|Win32
		{8EED3A0B-10BB-4660-BCEB-C5FAC0DCB475}.W7XP checked (PREfast)|Win32.Build.0 = Release|Win32
		{8EED3A0B-10BB-4660-BCEB-C5FAC0DCB475}.W7XP checked (PREfast)|x64.ActiveCfg = Release|Win32
		{8EED3A0B-10BB-4660-BCEB-C5FAC0DCB475}.W7XP checked (PREfast)|x64.Build.0 = Release|Win32
		{8EED3A0B-10BB-4660-BCEB-C5FAC0DCB475}.W7XP checked|Win32.ActiveCfg = Release|Win32
		{8EED3A0B-10BB-4660-BCEB-C5FAC0DCB475}.W7XP checked|Win32.Build.0 = Release|Win32
		{8EED3A0B-10BB-4660-BCEB-C5FAC0DCB475}.W7XP checked|x64.ActiveCfg = Release|Win32
		{8EED3A0B-10BB-4660-BCEB-C5FAC0DCB475}.W7XP checked|x64.Build.0 = Release|Win32
		{8EED3A0B-10BB-4660-BCEB-C5FAC0DCB475}.W7XP free|Win32.ActiveCfg = Release|Win32
		{8EED3A0B-10BB-4660-BCEB-C5FAC0DCB475}.W7XP free|Win32.Build.0 = Release|Win32
		{8EED3A0B-10BB-4660-BCEB-C5FAC0DCB475}.W7XP free|x64.ActiveCfg = Release|Win32
		{8EED3A0B-10BB-4660-BCEB-C5FAC0DCB475}.W7XP free|x64.Build.0 = Release|Win32
	EndGlobalSection
	GlobalSection(SolutionProperties) = preSolution
		HideSolutionNode = FALSE
	EndGlobalSection
	GlobalSection(ExtensibilityGlobals) = postSolution
		SolutionGuid = {305B60F4-1BFD-480B-84EE-7D29EE83FB54}
	EndGlobalSection
EndGlobal
