
Microsoft Visual Studio Solution File, Format Version 12.00
# Visual Studio 15
VisualStudioVersion = 15.0.28307.136
MinimumVisualStudioVersion = 10.0.40219.1
Project("{8BC9CEB8-8B4A-11D0-8D11-00A0C91BC942}") = "MydoubleFcb", "MydoubleFcb\MydoubleFcb.vcxproj", "{8EED3A0B-10BB-4660-BCEB-C5FAC0DCB475}"
EndProject
Global
	GlobalSection(SolutionConfigurationPlatforms) = preSolution
		Debug|Win32 = Debug|Win32
		Release|Win32 = Release|Win32
	EndGlobalSection
	GlobalSection(ProjectConfigurationPlatforms) = postSolution
		{8EED3A0B-10BB-4660-BCEB-C5FAC0DCB475}.Debug|Win32.ActiveCfg = Debug|Win32
		{8EED3A0B-10BB-4660-BCEB-C5FAC0DCB475}.Debug|Win32.Build.0 = Debug|Win32
		{8EED3A0B-10BB-4660-BCEB-C5FAC0DCB475}.Release|Win32.ActiveCfg = Release|Win32
		{8EED3A0B-10BB-4660-BCEB-C5FAC0DCB475}.Release|Win32.Build.0 = Release|Win32
	EndGlobalSection
	GlobalSection(SolutionProperties) = preSolution
		HideSolutionNode = FALSE
	EndGlobalSection
	GlobalSection(ExtensibilityGlobals) = postSolution
		SolutionGuid = {4BB13643-5680-4F77-87D0-778556E5DFE3}
	EndGlobalSection
EndGlobal
